
Microsoft Visual Studio Solution File, Format Version 12.00
# Visual Studio Version 16
VisualStudioVersion = 16.0.33214.272
MinimumVisualStudioVersion = 10.0.40219.1
Project("{FAE04EC0-301F-11D3-BF4B-00C04F79EFBC}") = "PokemanReviewApp", "PokemanReviewApp\PokemanReviewApp.csproj", "{971D401C-AAD6-43CF-BD9B-236242FA44BC}"
EndProject
Global
	GlobalSection(SolutionConfigurationPlatforms) = preSolution
		Debug|Any CPU = Debug|Any CPU
		Release|Any CPU = Release|Any CPU
	EndGlobalSection
	GlobalSection(ProjectConfigurationPlatforms) = postSolution
		{971D401C-AAD6-43CF-BD9B-236242FA44BC}.Debug|Any CPU.ActiveCfg = Debug|Any CPU
		{971D401C-AAD6-43CF-BD9B-236242FA44BC}.Debug|Any CPU.Build.0 = Debug|Any CPU
		{971D401C-AAD6-43CF-BD9B-236242FA44BC}.Release|Any CPU.ActiveCfg = Release|Any CPU
		{971D401C-AAD6-43CF-BD9B-236242FA44BC}.Release|Any CPU.Build.0 = Release|Any CPU
	EndGlobalSection
	GlobalSection(SolutionProperties) = preSolution
		HideSolutionNode = FALSE
	EndGlobalSection
	GlobalSection(ExtensibilityGlobals) = postSolution
		SolutionGuid = {E1B2291C-FA46-40C7-A41C-9C47EB876B79}
	EndGlobalSection
EndGlobal
